
Microsoft Visual Studio Solution File, Format Version 12.00
# Visual Studio Version 16
VisualStudioVersion = 16.0.29411.108
MinimumVisualStudioVersion = 10.0.40219.1
Project("{8BC9CEB8-8B4A-11D0-8D11-00A0C91BC942}") = "chapter16exe1", "chapter16exe1\chapter16exe1.vcxproj", "{3DCB2BFC-A03F-4C38-8D81-B6345E4B8B25}"
EndProject
Global
	GlobalSection(SolutionConfigurationPlatforms) = preSolution
		Debug|x64 = Debug|x64
		Debug|x86 = Debug|x86
		Release|x64 = Release|x64
		Release|x86 = Release|x86
	EndGlobalSection
	GlobalSection(ProjectConfigurationPlatforms) = postSolution
		{3DCB2BFC-A03F-4C38-8D81-B6345E4B8B25}.Debug|x64.ActiveCfg = Debug|x64
		{3DCB2BFC-A03F-4C38-8D81-B6345E4B8B25}.Debug|x64.Build.0 = Debug|x64
		{3DCB2BFC-A03F-4C38-8D81-B6345E4B8B25}.Debug|x86.ActiveCfg = Debug|Win32
		{3DCB2BFC-A03F-4C38-8D81-B6345E4B8B25}.Debug|x86.Build.0 = Debug|Win32
		{3DCB2BFC-A03F-4C38-8D81-B6345E4B8B25}.Release|x64.ActiveCfg = Release|x64
		{3DCB2BFC-A03F-4C38-8D81-B6345E4B8B25}.Release|x64.Build.0 = Release|x64
		{3DCB2BFC-A03F-4C38-8D81-B6345E4B8B25}.Release|x86.ActiveCfg = Release|Win32
		{3DCB2BFC-A03F-4C38-8D81-B6345E4B8B25}.Release|x86.Build.0 = Release|Win32
	EndGlobalSection
	GlobalSection(SolutionProperties) = preSolution
		HideSolutionNode = FALSE
	EndGlobalSection
	GlobalSection(ExtensibilityGlobals) = postSolution
		SolutionGuid = {CF6C6959-E96A-456F-AC3B-B4F24C5F6C8B}
	EndGlobalSection
EndGlobal
